
Microsoft Visual Studio Solution File, Format Version 12.00
# Visual Studio Version 17
VisualStudioVersion = 17.9.34723.18
MinimumVisualStudioVersion = 10.0.40219.1
Project("{FAE04EC0-301F-11D3-BF4B-00C04F79EFBC}") = "dotnetAPI", "dotnetAPI.csproj", "{EE5B2B6F-0FC6-4BAB-A518-90B30A6BD50B}"
EndProject
Global
	GlobalSection(SolutionConfigurationPlatforms) = preSolution
		Debug|Any CPU = Debug|Any CPU
		Release|Any CPU = Release|Any CPU
	EndGlobalSection
	GlobalSection(ProjectConfigurationPlatforms) = postSolution
		{EE5B2B6F-0FC6-4BAB-A518-90B30A6BD50B}.Debug|Any CPU.ActiveCfg = Debug|Any CPU
		{EE5B2B6F-0FC6-4BAB-A518-90B30A6BD50B}.Debug|Any CPU.Build.0 = Debug|Any CPU
		{EE5B2B6F-0FC6-4BAB-A518-90B30A6BD50B}.Release|Any CPU.ActiveCfg = Release|Any CPU
		{EE5B2B6F-0FC6-4BAB-A518-90B30A6BD50B}.Release|Any CPU.Build.0 = Release|Any CPU
	EndGlobalSection
	GlobalSection(SolutionProperties) = preSolution
		HideSolutionNode = FALSE
	EndGlobalSection
	GlobalSection(ExtensibilityGlobals) = postSolution
		SolutionGuid = {87A3C818-6172-428D-871F-E6DBEA62A2B6}
	EndGlobalSection
EndGlobal
